
Microsoft Visual Studio Solution File, Format Version 12.00
# Visual Studio Version 17
VisualStudioVersion = 17.11.35431.28
MinimumVisualStudioVersion = 10.0.40219.1
Project("{9A19103F-16F7-4668-BE54-9A1E7A4F7556}") = "Proyect_TaskAPI", "Proyect_TaskAPI.csproj", "{7B3BA633-853A-41F2-92C0-2DD8B1F17C1B}"
EndProject
Project("{9A19103F-16F7-4668-BE54-9A1E7A4F7556}") = "ApplicationLayer", "..\ApplicationLayer\ApplicationLayer.csproj", "{0C9D7729-6DE6-42FD-9406-3060BFE2336A}"
EndProject
Project("{9A19103F-16F7-4668-BE54-9A1E7A4F7556}") = "DomainLayer", "..\DomainLayer\DomainLayer.csproj", "{CD6C6C22-5078-4412-A570-F1A36F265343}"
EndProject
Project("{9A19103F-16F7-4668-BE54-9A1E7A4F7556}") = "InfrastructuraLayer", "..\Infrastructura\InfrastructuraLayer.csproj", "{45C30902-89EF-407E-83C6-F32AB19D89C9}"
EndProject
Project("{FAE04EC0-301F-11D3-BF4B-00C04F79EFBC}") = "Test_UniqTask", "..\Test_UniqTask\Test_UniqTask.csproj", "{FA711D05-1FA4-4794-A521-8F710DC7C309}"
EndProject
Global
	GlobalSection(SolutionConfigurationPlatforms) = preSolution
		Debug|Any CPU = Debug|Any CPU
		Release|Any CPU = Release|Any CPU
	EndGlobalSection
	GlobalSection(ProjectConfigurationPlatforms) = postSolution
		{7B3BA633-853A-41F2-92C0-2DD8B1F17C1B}.Debug|Any CPU.ActiveCfg = Debug|Any CPU
		{7B3BA633-853A-41F2-92C0-2DD8B1F17C1B}.Debug|Any CPU.Build.0 = Debug|Any CPU
		{7B3BA633-853A-41F2-92C0-2DD8B1F17C1B}.Release|Any CPU.ActiveCfg = Release|Any CPU
		{7B3BA633-853A-41F2-92C0-2DD8B1F17C1B}.Release|Any CPU.Build.0 = Release|Any CPU
		{0C9D7729-6DE6-42FD-9406-3060BFE2336A}.Debug|Any CPU.ActiveCfg = Debug|Any CPU
		{0C9D7729-6DE6-42FD-9406-3060BFE2336A}.Debug|Any CPU.Build.0 = Debug|Any CPU
		{0C9D7729-6DE6-42FD-9406-3060BFE2336A}.Release|Any CPU.ActiveCfg = Release|Any CPU
		{0C9D7729-6DE6-42FD-9406-3060BFE2336A}.Release|Any CPU.Build.0 = Release|Any CPU
		{CD6C6C22-5078-4412-A570-F1A36F265343}.Debug|Any CPU.ActiveCfg = Debug|Any CPU
		{CD6C6C22-5078-4412-A570-F1A36F265343}.Debug|Any CPU.Build.0 = Debug|Any CPU
		{CD6C6C22-5078-4412-A570-F1A36F265343}.Release|Any CPU.ActiveCfg = Release|Any CPU
		{CD6C6C22-5078-4412-A570-F1A36F265343}.Release|Any CPU.Build.0 = Release|Any CPU
		{45C30902-89EF-407E-83C6-F32AB19D89C9}.Debug|Any CPU.ActiveCfg = Debug|Any CPU
		{45C30902-89EF-407E-83C6-F32AB19D89C9}.Debug|Any CPU.Build.0 = Debug|Any CPU
		{45C30902-89EF-407E-83C6-F32AB19D89C9}.Release|Any CPU.ActiveCfg = Release|Any CPU
		{45C30902-89EF-407E-83C6-F32AB19D89C9}.Release|Any CPU.Build.0 = Release|Any CPU
		{FA711D05-1FA4-4794-A521-8F710DC7C309}.Debug|Any CPU.ActiveCfg = Debug|Any CPU
		{FA711D05-1FA4-4794-A521-8F710DC7C309}.Debug|Any CPU.Build.0 = Debug|Any CPU
		{FA711D05-1FA4-4794-A521-8F710DC7C309}.Release|Any CPU.ActiveCfg = Release|Any CPU
		{FA711D05-1FA4-4794-A521-8F710DC7C309}.Release|Any CPU.Build.0 = Release|Any CPU
	EndGlobalSection
	GlobalSection(SolutionProperties) = preSolution
		HideSolutionNode = FALSE
	EndGlobalSection
	GlobalSection(ExtensibilityGlobals) = postSolution
		SolutionGuid = {8B6242FD-F44B-4408-B78F-CB81615428ED}
	EndGlobalSection
EndGlobal
